
Microsoft Visual Studio Solution File, Format Version 12.00
Project("{FAE04EC0-301F-11D3-BF4B-00C04F79EFBC}") = "MikkiBook2", "MikkiBook2.csproj", "{2EED1E46-C576-4163-834A-E36DC766504D}"
EndProject
Global
	GlobalSection(SolutionConfigurationPlatforms) = preSolution
		Debug|Any CPU = Debug|Any CPU
		Release|Any CPU = Release|Any CPU
	EndGlobalSection
	GlobalSection(ProjectConfigurationPlatforms) = postSolution
		{2EED1E46-C576-4163-834A-E36DC766504D}.Debug|Any CPU.ActiveCfg = Debug|Any CPU
		{2EED1E46-C576-4163-834A-E36DC766504D}.Debug|Any CPU.Build.0 = Debug|Any CPU
		{2EED1E46-C576-4163-834A-E36DC766504D}.Release|Any CPU.ActiveCfg = Release|Any CPU
		{2EED1E46-C576-4163-834A-E36DC766504D}.Release|Any CPU.Build.0 = Release|Any CPU
	EndGlobalSection
EndGlobal
